
Microsoft Visual Studio Solution File, Format Version 12.00
# Visual Studio Version 16
VisualStudioVersion = 16.0.33529.622
MinimumVisualStudioVersion = 10.0.40219.1
Project("{FAE04EC0-301F-11D3-BF4B-00C04F79EFBC}") = "RBF", "RBF\RBF.csproj", "{5A20B29C-8993-486C-9066-9F4264A127B6}"
EndProject
Global
	GlobalSection(SolutionConfigurationPlatforms) = preSolution
		Debug|Any CPU = Debug|Any CPU
		Release|Any CPU = Release|Any CPU
	EndGlobalSection
	GlobalSection(ProjectConfigurationPlatforms) = postSolution
		{5A20B29C-8993-486C-9066-9F4264A127B6}.Debug|Any CPU.ActiveCfg = Debug|Any CPU
		{5A20B29C-8993-486C-9066-9F4264A127B6}.Debug|Any CPU.Build.0 = Debug|Any CPU
		{5A20B29C-8993-486C-9066-9F4264A127B6}.Release|Any CPU.ActiveCfg = Release|Any CPU
		{5A20B29C-8993-486C-9066-9F4264A127B6}.Release|Any CPU.Build.0 = Release|Any CPU
	EndGlobalSection
	GlobalSection(SolutionProperties) = preSolution
		HideSolutionNode = FALSE
	EndGlobalSection
	GlobalSection(ExtensibilityGlobals) = postSolution
		SolutionGuid = {38B9953D-821A-41B4-8BE9-F188C992EEDD}
	EndGlobalSection
EndGlobal
